
Microsoft Visual Studio Solution File, Format Version 12.00
# Visual Studio Version 16
VisualStudioVersion = 16.0.30114.105
MinimumVisualStudioVersion = 10.0.40219.1
Project("{FAE04EC0-301F-11D3-BF4B-00C04F79EFBC}") = "EmployeeManagement.Models", "EmployeeManagement.Models\EmployeeManagement.Models.csproj", "{1F656400-5369-403F-96EC-8EB44468E3B9}"
EndProject
Project("{FAE04EC0-301F-11D3-BF4B-00C04F79EFBC}") = "EmployeeManagement.Web", "EmployeeManagement.Web\EmployeeManagement.Web.csproj", "{94A28DAC-BB74-4434-997E-5B928101607D}"
EndProject
Project("{FAE04EC0-301F-11D3-BF4B-00C04F79EFBC}") = "EmployeeManagement.Api", "EmployeeManagement.Api\EmployeeManagement.Api.csproj", "{20188FEE-5F4F-45F5-8866-0660E42914D1}"
EndProject
Global
	GlobalSection(SolutionConfigurationPlatforms) = preSolution
		Debug|Any CPU = Debug|Any CPU
		Release|Any CPU = Release|Any CPU
	EndGlobalSection
	GlobalSection(ProjectConfigurationPlatforms) = postSolution
		{1F656400-5369-403F-96EC-8EB44468E3B9}.Debug|Any CPU.ActiveCfg = Debug|Any CPU
		{1F656400-5369-403F-96EC-8EB44468E3B9}.Debug|Any CPU.Build.0 = Debug|Any CPU
		{1F656400-5369-403F-96EC-8EB44468E3B9}.Release|Any CPU.ActiveCfg = Release|Any CPU
		{1F656400-5369-403F-96EC-8EB44468E3B9}.Release|Any CPU.Build.0 = Release|Any CPU
		{94A28DAC-BB74-4434-997E-5B928101607D}.Debug|Any CPU.ActiveCfg = Debug|Any CPU
		{94A28DAC-BB74-4434-997E-5B928101607D}.Debug|Any CPU.Build.0 = Debug|Any CPU
		{94A28DAC-BB74-4434-997E-5B928101607D}.Release|Any CPU.ActiveCfg = Release|Any CPU
		{94A28DAC-BB74-4434-997E-5B928101607D}.Release|Any CPU.Build.0 = Release|Any CPU
		{20188FEE-5F4F-45F5-8866-0660E42914D1}.Debug|Any CPU.ActiveCfg = Debug|Any CPU
		{20188FEE-5F4F-45F5-8866-0660E42914D1}.Debug|Any CPU.Build.0 = Debug|Any CPU
		{20188FEE-5F4F-45F5-8866-0660E42914D1}.Release|Any CPU.ActiveCfg = Release|Any CPU
		{20188FEE-5F4F-45F5-8866-0660E42914D1}.Release|Any CPU.Build.0 = Release|Any CPU
	EndGlobalSection
	GlobalSection(SolutionProperties) = preSolution
		HideSolutionNode = FALSE
	EndGlobalSection
	GlobalSection(ExtensibilityGlobals) = postSolution
		SolutionGuid = {17660BDA-D1CD-45F8-B506-316D25713A48}
	EndGlobalSection
EndGlobal
